PODS:
  - Alamofire (4.7.0)
  - AlamofireImage (3.3.0):
    - Alamofire (~> 4.5)
  - GoogleMaps (2.6.0):
    - GoogleMaps/Maps (= 2.6.0)
  - GoogleMaps/Base (2.6.0)
  - GoogleMaps/Maps (2.6.0):
    - GoogleMaps/Base
  - GooglePlaces (2.6.0):
    - GoogleMaps/Base (= 2.6.0)
  - MBCircularProgressBar (0.3.5)
  - Pulsator (0.4.1)
  - SCLAlertView (0.8)
  - Sensitive (5.2.2)
  - SVProgressHUD (2.2.5)
  - SwiftyJSON (3.1.4)

DEPENDENCIES:
  - Alamofire
  - AlamofireImage
  - GoogleMaps
  - GooglePlaces
  - MBCircularProgressBar
  - Pulsator
  - SCLAlertView
  - Sensitive
  - SVProgressHUD
  - SwiftyJSON (~> 3.1.3)

SPEC REPOS:
  https://github.com/cocoapods/specs.git:
    - Alamofire
    - AlamofireImage
    - GoogleMaps
    - GooglePlaces
    - MBCircularProgressBar
    - Pulsator
    - SCLAlertView
    - Sensitive
    - SVProgressHUD
    - SwiftyJSON

SPEC CHECKSUMS:
  Alamofire: 907e0a98eb68cdb7f9d1f541a563d6ac5dc77b25
  AlamofireImage: 2e784dc5d00f04903a52c1d169181469c805c3df
  GoogleMaps: 42f91c68b7fa2f84d5c86597b18ceb99f5414c7f
  GooglePlaces: f6ddf33b75cef69e888907d9947c57198ed845f3
  MBCircularProgressBar: 0b795b722a5eb5b0923822f90474e2576a1a7855
  Pulsator: 89a18d0e0ee2f642bb83cb9dfb6b7eebc1dc6241
  SCLAlertView: 6a77bb2edfc65e04dbe57725546cb4107a506b85
  Sensitive: f8bbc08dc950f9253c3fd90438cdcdbb0a750446
  SVProgressHUD: 1428aafac632c1f86f62aa4243ec12008d7a51d6
  SwiftyJSON: c2842d878f95482ffceec5709abc3d05680c0220

PODFILE CHECKSUM: cea2499558a522c962b8a1710d9703c8db5a7f6b

COCOAPODS: 1.5.2
